// !$*UTF8*$!
{
	archiveVersion = 1;
	classes = {
	};
	objectVersion = 56;
	objects = {

/* Begin PBXBuildFile section */
		7649EB342A14CB77000F3592 /* ToDoItemTests.swift in Sources */ = {isa = PBXBuildFile; fileRef = 7649EB332A14CB77000F3592 /* ToDoItemTests.swift */; };
		7649EB362A14CCF6000F3592 /* ToDoItem.swift in Sources */ = {isa = PBXBuildFile; fileRef = 7649EB352A14CCF6000F3592 /* ToDoItem.swift */; };
		7658C7C22A14E4FD00FE298A /* Location.swift in Sources */ = {isa = PBXBuildFile; fileRef = 7658C7C12A14E4FD00FE298A /* Location.swift */; };
		7658C7C42A14F90900FE298A /* LocationTests.swift in Sources */ = {isa = PBXBuildFile; fileRef = 7658C7C32A14F90900FE298A /* LocationTests.swift */; };
		7658C7C62A15189600FE298A /* ToDoItemStoreTests.swift in Sources */ = {isa = PBXBuildFile; fileRef = 7658C7C52A15189600FE298A /* ToDoItemStoreTests.swift */; };
		7658C7C82A15194500FE298A /* ToDoItemStore.swift in Sources */ = {isa = PBXBuildFile; fileRef = 7658C7C72A15194500FE298A /* ToDoItemStore.swift */; };
		768F7D6F2A13EA3D00589321 /* AppDelegate.swift in Sources */ = {isa = PBXBuildFile; fileRef = 768F7D6E2A13EA3D00589321 /* AppDelegate.swift */; };
		768F7D712A13EA3D00589321 /* SceneDelegate.swift in Sources */ = {isa = PBXBuildFile; fileRef = 768F7D702A13EA3D00589321 /* SceneDelegate.swift */; };
		768F7D732A13EA3D00589321 /* ViewController.swift in Sources */ = {isa = PBXBuildFile; fileRef = 768F7D722A13EA3D00589321 /* ViewController.swift */; };
		768F7D762A13EA3D00589321 /* Main.storyboard in Resources */ = {isa = PBXBuildFile; fileRef = 768F7D742A13EA3D00589321 /* Main.storyboard */; };
		768F7D782A13EA4100589321 /* Assets.xcassets in Resources */ = {isa = PBXBuildFile; fileRef = 768F7D772A13EA4100589321 /* Assets.xcassets */; };
		768F7D7B2A13EA4100589321 /* LaunchScreen.storyboard in Resources */ = {isa = PBXBuildFile; fileRef = 768F7D792A13EA4100589321 /* LaunchScreen.storyboard */; };
		768F7D902A13EA4200589321 /* ToDoUITests.swift in Sources */ = {isa = PBXBuildFile; fileRef = 768F7D8F2A13EA4200589321 /* ToDoUITests.swift */; };
		768F7D922A13EA4200589321 /* ToDoUITestsLaunchTests.swift in Sources */ = {isa = PBXBuildFile; fileRef = 768F7D912A13EA4200589321 /* ToDoUITestsLaunchTests.swift */; };
		769C78E42A163A620003CCA1 /* Coordinate.swift in Sources */ = {isa = PBXBuildFile; fileRef = 769C78E32A163A620003CCA1 /* Coordinate.swift */; };
		769C78E62A1646440003CCA1 /* FileManagerExtension.swift in Sources */ = {isa = PBXBuildFile; fileRef = 769C78E52A1646440003CCA1 /* FileManagerExtension.swift */; };
		769C78E82A16985E0003CCA1 /* ToDoItemsListViewControllerTests.swift in Sources */ = {isa = PBXBuildFile; fileRef = 769C78E72A16985E0003CCA1 /* ToDoItemsListViewControllerTests.swift */; };
		769C78EA2A1698D20003CCA1 /* ToDoItemsListViewController.swift in Sources */ = {isa = PBXBuildFile; fileRef = 769C78E92A1698D20003CCA1 /* ToDoItemsListViewController.swift */; };
/* End PBXBuildFile section */

/* Begin PBXContainerItemProxy section */
		768F7D822A13EA4200589321 /* PBXContainerItemProxy */ = {
			isa = PBXContainerItemProxy;
			containerPortal = 768F7D632A13EA3D00589321 /* Project object */;
			proxyType = 1;
			remoteGlobalIDString = 768F7D6A2A13EA3D00589321;
			remoteInfo = ToDo;
		};
		768F7D8C2A13EA4200589321 /* PBXContainerItemProxy */ = {
			isa = PBXContainerItemProxy;
			containerPortal = 768F7D632A13EA3D00589321 /* Project object */;
			proxyType = 1;
			remoteGlobalIDString = 768F7D6A2A13EA3D00589321;
			remoteInfo = ToDo;
		};
/* End PBXContainerItemProxy section */

/* Begin PBXFileReference section */
		7649EB332A14CB77000F3592 /* ToDoItemTests.swift */ = {isa = PBXFileReference; lastKnownFileType = sourcecode.swift; path = ToDoItemTests.swift; sourceTree = "<group>"; };
		7649EB352A14CCF6000F3592 /* ToDoItem.swift */ = {isa = PBXFileReference; lastKnownFileType = sourcecode.swift; path = ToDoItem.swift; sourceTree = "<group>"; };
		7658C7C12A14E4FD00FE298A /* Location.swift */ = {isa = PBXFileReference; lastKnownFileType = sourcecode.swift; path = Location.swift; sourceTree = "<group>"; };
		7658C7C32A14F90900FE298A /* LocationTests.swift */ = {isa = PBXFileReference; lastKnownFileType = sourcecode.swift; name = LocationTests.swift; path = ToDoTests/LocationTests.swift; sourceTree = SOURCE_ROOT; };
		7658C7C52A15189600FE298A /* ToDoItemStoreTests.swift */ = {isa = PBXFileReference; lastKnownFileType = sourcecode.swift; path = ToDoItemStoreTests.swift; sourceTree = "<group>"; };
		7658C7C72A15194500FE298A /* ToDoItemStore.swift */ = {isa = PBXFileReference; lastKnownFileType = sourcecode.swift; path = ToDoItemStore.swift; sourceTree = "<group>"; };
		768F7D6B2A13EA3D00589321 /* ToDo.app */ = {isa = PBXFileReference; explicitFileType = wrapper.application; includeInIndex = 0; path = ToDo.app; sourceTree = BUILT_PRODUCTS_DIR; };
		768F7D6E2A13EA3D00589321 /* AppDelegate.swift */ = {isa = PBXFileReference; lastKnownFileType = sourcecode.swift; path = AppDelegate.swift; sourceTree = "<group>"; };
		768F7D702A13EA3D00589321 /* SceneDelegate.swift */ = {isa = PBXFileReference; lastKnownFileType = sourcecode.swift; path = SceneDelegate.swift; sourceTree = "<group>"; };
		768F7D722A13EA3D00589321 /* ViewController.swift */ = {isa = PBXFileReference; lastKnownFileType = sourcecode.swift; path = ViewController.swift; sourceTree = "<group>"; };
		768F7D752A13EA3D00589321 /* Base */ = {isa = PBXFileReference; lastKnownFileType = file.storyboard; name = Base; path = Base.lproj/Main.storyboard; sourceTree = "<group>"; };
		768F7D772A13EA4100589321 /* Assets.xcassets */ = {isa = PBXFileReference; lastKnownFileType = folder.assetcatalog; path = Assets.xcassets; sourceTree = "<group>"; };
		768F7D7A2A13EA4100589321 /* Base */ = {isa = PBXFileReference; lastKnownFileType = file.storyboard; name = Base; path = Base.lproj/LaunchScreen.storyboard; sourceTree = "<group>"; };
		768F7D7C2A13EA4100589321 /* Info.plist */ = {isa = PBXFileReference; lastKnownFileType = text.plist.xml; path = Info.plist; sourceTree = "<group>"; };
		768F7D812A13EA4200589321 /* ToDoTests.xctest */ = {isa = PBXFileReference; explicitFileType = wrapper.cfbundle; includeInIndex = 0; path = ToDoTests.xctest; sourceTree = BUILT_PRODUCTS_DIR; };
		768F7D8B2A13EA4200589321 /* ToDoUITests.xctest */ = {isa = PBXFileReference; explicitFileType = wrapper.cfbundle; includeInIndex = 0; path = ToDoUITests.xctest; sourceTree = BUILT_PRODUCTS_DIR; };
		768F7D8F2A13EA4200589321 /* ToDoUITests.swift */ = {isa = PBXFileReference; lastKnownFileType = sourcecode.swift; path = ToDoUITests.swift; sourceTree = "<group>"; };
		768F7D912A13EA4200589321 /* ToDoUITestsLaunchTests.swift */ = {isa = PBXFileReference; lastKnownFileType = sourcecode.swift; path = ToDoUITestsLaunchTests.swift; sourceTree = "<group>"; };
		769C78E32A163A620003CCA1 /* Coordinate.swift */ = {isa = PBXFileReference; lastKnownFileType = sourcecode.swift; path = Coordinate.swift; sourceTree = "<group>"; };
		769C78E52A1646440003CCA1 /* FileManagerExtension.swift */ = {isa = PBXFileReference; lastKnownFileType = sourcecode.swift; path = FileManagerExtension.swift; sourceTree = "<group>"; };
		769C78E72A16985E0003CCA1 /* ToDoItemsListViewControllerTests.swift */ = {isa = PBXFileReference; lastKnownFileType = sourcecode.swift; path = ToDoItemsListViewControllerTests.swift; sourceTree = "<group>"; };
		769C78E92A1698D20003CCA1 /* ToDoItemsListViewController.swift */ = {isa = PBXFileReference; lastKnownFileType = sourcecode.swift; path = ToDoItemsListViewController.swift; sourceTree = "<group>"; };
/* End PBXFileReference section */

/* Begin PBXFrameworksBuildPhase section */
		768F7D682A13EA3D00589321 /* Frameworks */ = {
			isa = PBXFrameworksBuildPhase;
			buildActionMask = 2147483647;
			files = (
			);
			runOnlyForDeploymentPostprocessing = 0;
		};
		768F7D7E2A13EA4200589321 /* Frameworks */ = {
			isa = PBXFrameworksBuildPhase;
			buildActionMask = 2147483647;
			files = (
			);
			runOnlyForDeploymentPostprocessing = 0;
		};
		768F7D882A13EA4200589321 /* Frameworks */ = {
			isa = PBXFrameworksBuildPhase;
			buildActionMask = 2147483647;
			files = (
			);
			runOnlyForDeploymentPostprocessing = 0;
		};
/* End PBXFrameworksBuildPhase section */

/* Begin PBXGroup section */
		768F7D622A13EA3D00589321 = {
			isa = PBXGroup;
			children = (
				768F7D6D2A13EA3D00589321 /* ToDo */,
				768F7D842A13EA4200589321 /* ToDoTests */,
				768F7D8E2A13EA4200589321 /* ToDoUITests */,
				768F7D6C2A13EA3D00589321 /* Products */,
			);
			sourceTree = "<group>";
		};
		768F7D6C2A13EA3D00589321 /* Products */ = {
			isa = PBXGroup;
			children = (
				768F7D6B2A13EA3D00589321 /* ToDo.app */,
				768F7D812A13EA4200589321 /* ToDoTests.xctest */,
				768F7D8B2A13EA4200589321 /* ToDoUITests.xctest */,
			);
			name = Products;
			sourceTree = "<group>";
		};
		768F7D6D2A13EA3D00589321 /* ToDo */ = {
			isa = PBXGroup;
			children = (
				768F7D6E2A13EA3D00589321 /* AppDelegate.swift */,
				7649EB352A14CCF6000F3592 /* ToDoItem.swift */,
				768F7D702A13EA3D00589321 /* SceneDelegate.swift */,
				768F7D722A13EA3D00589321 /* ViewController.swift */,
				768F7D742A13EA3D00589321 /* Main.storyboard */,
				768F7D772A13EA4100589321 /* Assets.xcassets */,
				768F7D792A13EA4100589321 /* LaunchScreen.storyboard */,
				768F7D7C2A13EA4100589321 /* Info.plist */,
				7658C7C12A14E4FD00FE298A /* Location.swift */,
				769C78E52A1646440003CCA1 /* FileManagerExtension.swift */,
				769C78E32A163A620003CCA1 /* Coordinate.swift */,
				7658C7C72A15194500FE298A /* ToDoItemStore.swift */,
				769C78E92A1698D20003CCA1 /* ToDoItemsListViewController.swift */,
			);
			path = ToDo;
			sourceTree = "<group>";
		};
		768F7D842A13EA4200589321 /* ToDoTests */ = {
			isa = PBXGroup;
			children = (
				7649EB332A14CB77000F3592 /* ToDoItemTests.swift */,
				7658C7C32A14F90900FE298A /* LocationTests.swift */,
				7658C7C52A15189600FE298A /* ToDoItemStoreTests.swift */,
				769C78E72A16985E0003CCA1 /* ToDoItemsListViewControllerTests.swift */,
			);
			path = ToDoTests;
			sourceTree = "<group>";
		};
		768F7D8E2A13EA4200589321 /* ToDoUITests */ = {
			isa = PBXGroup;
			children = (
				768F7D8F2A13EA4200589321 /* ToDoUITests.swift */,
				768F7D912A13EA4200589321 /* ToDoUITestsLaunchTests.swift */,
			);
			path = ToDoUITests;
			sourceTree = "<group>";
		};
/* End PBXGroup section */

/* Begin PBXNativeTarget section */
		768F7D6A2A13EA3D00589321 /* ToDo */ = {
			isa = PBXNativeTarget;
			buildConfigurationList = 768F7D952A13EA4200589321 /* Build configuration list for PBXNativeTarget "ToDo" */;
			buildPhases = (
				768F7D672A13EA3D00589321 /* Sources */,
				768F7D682A13EA3D00589321 /* Frameworks */,
				768F7D692A13EA3D00589321 /* Resources */,
			);
			buildRules = (
			);
			dependencies = (
			);
			name = ToDo;
			productName = ToDo;
			productReference = 768F7D6B2A13EA3D00589321 /* ToDo.app */;
			productType = "com.apple.product-type.application";
		};
		768F7D802A13EA4200589321 /* ToDoTests */ = {
			isa = PBXNativeTarget;
			buildConfigurationList = 768F7D982A13EA4200589321 /* Build configuration list for PBXNativeTarget "ToDoTests" */;
			buildPhases = (
				768F7D7D2A13EA4200589321 /* Sources */,
				768F7D7E2A13EA4200589321 /* Frameworks */,
				768F7D7F2A13EA4200589321 /* Resources */,
			);
			buildRules = (
			);
			dependencies = (
				768F7D832A13EA4200589321 /* PBXTargetDependency */,
			);
			name = ToDoTests;
			productName = ToDoTests;
			productReference = 768F7D812A13EA4200589321 /* ToDoTests.xctest */;
			productType = "com.apple.product-type.bundle.unit-test";
		};
		768F7D8A2A13EA4200589321 /* ToDoUITests */ = {
			isa = PBXNativeTarget;
			buildConfigurationList = 768F7D9B2A13EA4200589321 /* Build configuration list for PBXNativeTarget "ToDoUITests" */;
			buildPhases = (
				768F7D872A13EA4200589321 /* Sources */,
				768F7D882A13EA4200589321 /* Frameworks */,
				768F7D892A13EA4200589321 /* Resources */,
			);
			buildRules = (
			);
			dependencies = (
				768F7D8D2A13EA4200589321 /* PBXTargetDependency */,
			);
			name = ToDoUITests;
			productName = ToDoUITests;
			productReference = 768F7D8B2A13EA4200589321 /* ToDoUITests.xctest */;
			productType = "com.apple.product-type.bundle.ui-testing";
		};
/* End PBXNativeTarget section */

/* Begin PBXProject section */
		768F7D632A13EA3D00589321 /* Project object */ = {
			isa = PBXProject;
			attributes = {
				BuildIndependentTargetsInParallel = 1;
				LastSwiftUpdateCheck = 1420;
				LastUpgradeCheck = 1420;
				TargetAttributes = {
					768F7D6A2A13EA3D00589321 = {
						CreatedOnToolsVersion = 14.2;
					};
					768F7D802A13EA4200589321 = {
						CreatedOnToolsVersion = 14.2;
						TestTargetID = 768F7D6A2A13EA3D00589321;
					};
					768F7D8A2A13EA4200589321 = {
						CreatedOnToolsVersion = 14.2;
						TestTargetID = 768F7D6A2A13EA3D00589321;
					};
				};
			};
			buildConfigurationList = 768F7D662A13EA3D00589321 /* Build configuration list for PBXProject "ToDo" */;
			compatibilityVersion = "Xcode 14.0";
			developmentRegion = en;
			hasScannedForEncodings = 0;
			knownRegions = (
				en,
				Base,
			);
			mainGroup = 768F7D622A13EA3D00589321;
			productRefGroup = 768F7D6C2A13EA3D00589321 /* Products */;
			projectDirPath = "";
			projectRoot = "";
			targets = (
				768F7D6A2A13EA3D00589321 /* ToDo */,
				768F7D802A13EA4200589321 /* ToDoTests */,
				768F7D8A2A13EA4200589321 /* ToDoUITests */,
			);
		};
/* End PBXProject section */

/* Begin PBXResourcesBuildPhase section */
		768F7D692A13EA3D00589321 /* Resources */ = {
			isa = PBXResourcesBuildPhase;
			buildActionMask = 2147483647;
			files = (
				768F7D7B2A13EA4100589321 /* LaunchScreen.storyboard in Resources */,
				768F7D782A13EA4100589321 /* Assets.xcassets in Resources */,
				768F7D762A13EA3D00589321 /* Main.storyboard in Resources */,
			);
			runOnlyForDeploymentPostprocessing = 0;
		};
		768F7D7F2A13EA4200589321 /* Resources */ = {
			isa = PBXResourcesBuildPhase;
			buildActionMask = 2147483647;
			files = (
			);
			runOnlyForDeploymentPostprocessing = 0;
		};
		768F7D892A13EA4200589321 /* Resources */ = {
			isa = PBXResourcesBuildPhase;
			buildActionMask = 2147483647;
			files = (
			);
			runOnlyForDeploymentPostprocessing = 0;
		};
/* End PBXResourcesBuildPhase section */

/* Begin PBXSourcesBuildPhase section */
		768F7D672A13EA3D00589321 /* Sources */ = {
			isa = PBXSourcesBuildPhase;
			buildActionMask = 2147483647;
			files = (
				769C78E42A163A620003CCA1 /* Coordinate.swift in Sources */,
				768F7D732A13EA3D00589321 /* ViewController.swift in Sources */,
				768F7D6F2A13EA3D00589321 /* AppDelegate.swift in Sources */,
				7658C7C22A14E4FD00FE298A /* Location.swift in Sources */,
				7649EB362A14CCF6000F3592 /* ToDoItem.swift in Sources */,
				769C78E62A1646440003CCA1 /* FileManagerExtension.swift in Sources */,
				769C78EA2A1698D20003CCA1 /* ToDoItemsListViewController.swift in Sources */,
				7658C7C82A15194500FE298A /* ToDoItemStore.swift in Sources */,
				768F7D712A13EA3D00589321 /* SceneDelegate.swift in Sources */,
			);
			runOnlyForDeploymentPostprocessing = 0;
		};
		768F7D7D2A13EA4200589321 /* Sources */ = {
			isa = PBXSourcesBuildPhase;
			buildActionMask = 2147483647;
			files = (
				7658C7C62A15189600FE298A /* ToDoItemStoreTests.swift in Sources */,
				7658C7C42A14F90900FE298A /* LocationTests.swift in Sources */,
				7649EB342A14CB77000F3592 /* ToDoItemTests.swift in Sources */,
				769C78E82A16985E0003CCA1 /* ToDoItemsListViewControllerTests.swift in Sources */,
			);
			runOnlyForDeploymentPostprocessing = 0;
		};
		768F7D872A13EA4200589321 /* Sources */ = {
			isa = PBXSourcesBuildPhase;
			buildActionMask = 2147483647;
			files = (
				768F7D922A13EA4200589321 /* ToDoUITestsLaunchTests.swift in Sources */,
				768F7D902A13EA4200589321 /* ToDoUITests.swift in Sources */,
			);
			runOnlyForDeploymentPostprocessing = 0;
		};
/* End PBXSourcesBuildPhase section */

/* Begin PBXTargetDependency section */
		768F7D832A13EA4200589321 /* PBXTargetDependency */ = {
			isa = PBXTargetDependency;
			target = 768F7D6A2A13EA3D00589321 /* ToDo */;
			targetProxy = 768F7D822A13EA4200589321 /* PBXContainerItemProxy */;
		};
		768F7D8D2A13EA4200589321 /* PBXTargetDependency */ = {
			isa = PBXTargetDependency;
			target = 768F7D6A2A13EA3D00589321 /* ToDo */;
			targetProxy = 768F7D8C2A13EA4200589321 /* PBXContainerItemProxy */;
		};
/* End PBXTargetDependency section */

/* Begin PBXVariantGroup section */
		768F7D742A13EA3D00589321 /* Main.storyboard */ = {
			isa = PBXVariantGroup;
			children = (
				768F7D752A13EA3D00589321 /* Base */,
			);
			name = Main.storyboard;
			sourceTree = "<group>";
		};
		768F7D792A13EA4100589321 /* LaunchScreen.storyboard */ = {
			isa = PBXVariantGroup;
			children = (
				768F7D7A2A13EA4100589321 /* Base */,
			);
			name = LaunchScreen.storyboard;
			sourceTree = "<group>";
		};
/* End PBXVariantGroup section */

/* Begin XCBuildConfiguration section */
		768F7D932A13EA4200589321 /* Debug */ = {
			isa = XCBuildConfiguration;
			buildSettings = {
				ALWAYS_SEARCH_USER_PATHS = NO;
				CLANG_ANALYZER_NONNULL = YES;
				CLANG_ANALYZER_NUMBER_OBJECT_CONVERSION = YES_AGGRESSIVE;
				CLANG_CXX_LANGUAGE_STANDARD = "gnu++20";
				CLANG_ENABLE_MODULES = YES;
				CLANG_ENABLE_OBJC_ARC = YES;
				CLANG_ENABLE_OBJC_WEAK = YES;
				CLANG_WARN_BLOCK_CAPTURE_AUTORELEASING = YES;
				CLANG_WARN_BOOL_CONVERSION = YES;
				CLANG_WARN_COMMA = YES;
				CLANG_WARN_CONSTANT_CONVERSION = YES;
				CLANG_WARN_DEPRECATED_OBJC_IMPLEMENTATIONS = YES;
				CLANG_WARN_DIRECT_OBJC_ISA_USAGE = YES_ERROR;
				CLANG_WARN_DOCUMENTATION_COMMENTS = YES;
				CLANG_WARN_EMPTY_BODY = YES;
				CLANG_WARN_ENUM_CONVERSION = YES;
				CLANG_WARN_INFINITE_RECURSION = YES;
				CLANG_WARN_INT_CONVERSION = YES;
				CLANG_WARN_NON_LITERAL_NULL_CONVERSION = YES;
				CLANG_WARN_OBJC_IMPLICIT_RETAIN_SELF = YES;
				CLANG_WARN_OBJC_LITERAL_CONVERSION = YES;
				CLANG_WARN_OBJC_ROOT_CLASS = YES_ERROR;
				CLANG_WARN_QUOTED_INCLUDE_IN_FRAMEWORK_HEADER = YES;
				CLANG_WARN_RANGE_LOOP_ANALYSIS = YES;
				CLANG_WARN_STRICT_PROTOTYPES = YES;
				CLANG_WARN_SUSPICIOUS_MOVE = YES;
				CLANG_WARN_UNGUARDED_AVAILABILITY = YES_AGGRESSIVE;
				CLANG_WARN_UNREACHABLE_CODE = YES;
				CLANG_WARN__DUPLICATE_METHOD_MATCH = YES;
				COPY_PHASE_STRIP = NO;
				DEBUG_INFORMATION_FORMAT = dwarf;
				ENABLE_STRICT_OBJC_MSGSEND = YES;
				ENABLE_TESTABILITY = YES;
				GCC_C_LANGUAGE_STANDARD = gnu11;
				GCC_DYNAMIC_NO_PIC = NO;
				GCC_NO_COMMON_BLOCKS = YES;
				GCC_OPTIMIZATION_LEVEL = 0;
				GCC_PREPROCESSOR_DEFINITIONS = (
					"DEBUG=1",
					"$(inherited)",
				);
				GCC_WARN_64_TO_32_BIT_CONVERSION = YES;
				GCC_WARN_ABOUT_RETURN_TYPE = YES_ERROR;
				GCC_WARN_UNDECLARED_SELECTOR = YES;
				GCC_WARN_UNINITIALIZED_AUTOS = YES_AGGRESSIVE;
				GCC_WARN_UNUSED_FUNCTION = YES;
				GCC_WARN_UNUSED_VARIABLE = YES;
				IPHONEOS_DEPLOYMENT_TARGET = 16.2;
				MTL_ENABLE_DEBUG_INFO = INCLUDE_SOURCE;
				MTL_FAST_MATH = YES;
				ONLY_ACTIVE_ARCH = YES;
				SDKROOT = iphoneos;
				SWIFT_ACTIVE_COMPILATION_CONDITIONS = DEBUG;
				SWIFT_OPTIMIZATION_LEVEL = "-Onone";
			};
			name = Debug;
		};
		768F7D942A13EA4200589321 /* Release */ = {
			isa = XCBuildConfiguration;
			buildSettings = {
				ALWAYS_SEARCH_USER_PATHS = NO;
				CLANG_ANALYZER_NONNULL = YES;
				CLANG_ANALYZER_NUMBER_OBJECT_CONVERSION = YES_AGGRESSIVE;
				CLANG_CXX_LANGUAGE_STANDARD = "gnu++20";
				CLANG_ENABLE_MODULES = YES;
				CLANG_ENABLE_OBJC_ARC = YES;
				CLANG_ENABLE_OBJC_WEAK = YES;
				CLANG_WARN_BLOCK_CAPTURE_AUTORELEASING = YES;
				CLANG_WARN_BOOL_CONVERSION = YES;
				CLANG_WARN_COMMA = YES;
				CLANG_WARN_CONSTANT_CONVERSION = YES;
				CLANG_WARN_DEPRECATED_OBJC_IMPLEMENTATIONS = YES;
				CLANG_WARN_DIRECT_OBJC_ISA_USAGE = YES_ERROR;
				CLANG_WARN_DOCUMENTATION_COMMENTS = YES;
				CLANG_WARN_EMPTY_BODY = YES;
				CLANG_WARN_ENUM_CONVERSION = YES;
				CLANG_WARN_INFINITE_RECURSION = YES;
				CLANG_WARN_INT_CONVERSION = YES;
				CLANG_WARN_NON_LITERAL_NULL_CONVERSION = YES;
				CLANG_WARN_OBJC_IMPLICIT_RETAIN_SELF = YES;
				CLANG_WARN_OBJC_LITERAL_CONVERSION = YES;
				CLANG_WARN_OBJC_ROOT_CLASS = YES_ERROR;
				CLANG_WARN_QUOTED_INCLUDE_IN_FRAMEWORK_HEADER = YES;
				CLANG_WARN_RANGE_LOOP_ANALYSIS = YES;
				CLANG_WARN_STRICT_PROTOTYPES = YES;
				CLANG_WARN_SUSPICIOUS_MOVE = YES;
				CLANG_WARN_UNGUARDED_AVAILABILITY = YES_AGGRESSIVE;
				CLANG_WARN_UNREACHABLE_CODE = YES;
				CLANG_WARN__DUPLICATE_METHOD_MATCH = YES;
				COPY_PHASE_STRIP = NO;
				DEBUG_INFORMATION_FORMAT = "dwarf-with-dsym";
				ENABLE_NS_ASSERTIONS = NO;
				ENABLE_STRICT_OBJC_MSGSEND = YES;
				GCC_C_LANGUAGE_STANDARD = gnu11;
				GCC_NO_COMMON_BLOCKS = YES;
				GCC_WARN_64_TO_32_BIT_CONVERSION = YES;
				GCC_WARN_ABOUT_RETURN_TYPE = YES_ERROR;
				GCC_WARN_UNDECLARED_SELECTOR = YES;
				GCC_WARN_UNINITIALIZED_AUTOS = YES_AGGRESSIVE;
				GCC_WARN_UNUSED_FUNCTION = YES;
				GCC_WARN_UNUSED_VARIABLE = YES;
				IPHONEOS_DEPLOYMENT_TARGET = 16.2;
				MTL_ENABLE_DEBUG_INFO = NO;
				MTL_FAST_MATH = YES;
				SDKROOT = iphoneos;
				SWIFT_COMPILATION_MODE = wholemodule;
				SWIFT_OPTIMIZATION_LEVEL = "-O";
				VALIDATE_PRODUCT = YES;
			};
			name = Release;
		};
		768F7D962A13EA4200589321 /* Debug */ = {
			isa = XCBuildConfiguration;
			buildSettings = {
				ASSETCATALOG_COMPILER_APPICON_NAME = AppIcon;
				ASSETCATALOG_COMPILER_GLOBAL_ACCENT_COLOR_NAME = AccentColor;
				CODE_SIGN_STYLE = Automatic;
				CURRENT_PROJECT_VERSION = 1;
				DEVELOPMENT_TEAM = G4J9E28W3W;
				GENERATE_INFOPLIST_FILE = YES;
				INFOPLIST_FILE = ToDo/Info.plist;
				INFOPLIST_KEY_UIApplicationSupportsIndirectInputEvents = YES;
				INFOPLIST_KEY_UILaunchStoryboardName = LaunchScreen;
				INFOPLIST_KEY_UIMainStoryboardFile = Main;
				INFOPLIST_KEY_UISupportedInterfaceOrientations_iPad = "UIInterfaceOrientationPortrait UIInterfaceOrientationPortraitUpsideDown UIInterfaceOrientationLandscapeLeft UIInterfaceOrientationLandscapeRight";
				INFOPLIST_KEY_UISupportedInterfaceOrientations_iPhone = "UIInterfaceOrientationPortrait UIInterfaceOrientationLandscapeLeft UIInterfaceOrientationLandscapeRight";
				LD_RUNPATH_SEARCH_PATHS = (
					"$(inherited)",
					"@executable_path/Frameworks",
				);
				MARKETING_VERSION = 1.0;
				PRODUCT_BUNDLE_IDENTIFIER = com.vasanthkumar.ToDo;
				PRODUCT_NAME = "$(TARGET_NAME)";
				SWIFT_EMIT_LOC_STRINGS = YES;
				SWIFT_VERSION = 5.0;
				TARGETED_DEVICE_FAMILY = "1,2";
			};
			name = Debug;
		};
		768F7D972A13EA4200589321 /* Release */ = {
			isa = XCBuildConfiguration;
			buildSettings = {
				ASSETCATALOG_COMPILER_APPICON_NAME = AppIcon;
				ASSETCATALOG_COMPILER_GLOBAL_ACCENT_COLOR_NAME = AccentColor;
				CODE_SIGN_STYLE = Automatic;
				CURRENT_PROJECT_VERSION = 1;
				DEVELOPMENT_TEAM = G4J9E28W3W;
				GENERATE_INFOPLIST_FILE = YES;
				INFOPLIST_FILE = ToDo/Info.plist;
				INFOPLIST_KEY_UIApplicationSupportsIndirectInputEvents = YES;
				INFOPLIST_KEY_UILaunchStoryboardName = LaunchScreen;
				INFOPLIST_KEY_UIMainStoryboardFile = Main;
				INFOPLIST_KEY_UISupportedInterfaceOrientations_iPad = "UIInterfaceOrientationPortrait UIInterfaceOrientationPortraitUpsideDown UIInterfaceOrientationLandscapeLeft UIInterfaceOrientationLandscapeRight";
				INFOPLIST_KEY_UISupportedInterfaceOrientations_iPhone = "UIInterfaceOrientationPortrait UIInterfaceOrientationLandscapeLeft UIInterfaceOrientationLandscapeRight";
				LD_RUNPATH_SEARCH_PATHS = (
					"$(inherited)",
					"@executable_path/Frameworks",
				);
				MARKETING_VERSION = 1.0;
				PRODUCT_BUNDLE_IDENTIFIER = com.vasanthkumar.ToDo;
				PRODUCT_NAME = "$(TARGET_NAME)";
				SWIFT_EMIT_LOC_STRINGS = YES;
				SWIFT_VERSION = 5.0;
				TARGETED_DEVICE_FAMILY = "1,2";
			};
			name = Release;
		};
		768F7D992A13EA4200589321 /* Debug */ = {
			isa = XCBuildConfiguration;
			buildSettings = {
				ALWAYS_EMBED_SWIFT_STANDARD_LIBRARIES = YES;
				BUNDLE_LOADER = "$(TEST_HOST)";
				CODE_SIGN_STYLE = Automatic;
				CURRENT_PROJECT_VERSION = 1;
				DEVELOPMENT_TEAM = G4J9E28W3W;
				GENERATE_INFOPLIST_FILE = YES;
				IPHONEOS_DEPLOYMENT_TARGET = 16.2;
				MARKETING_VERSION = 1.0;
				PRODUCT_BUNDLE_IDENTIFIER = com.vasanthkumar.ToDoTests;
				PRODUCT_NAME = "$(TARGET_NAME)";
				SWIFT_EMIT_LOC_STRINGS = NO;
				SWIFT_VERSION = 5.0;
				TARGETED_DEVICE_FAMILY = "1,2";
				TEST_HOST = "$(BUILT_PRODUCTS_DIR)/ToDo.app/$(BUNDLE_EXECUTABLE_FOLDER_PATH)/ToDo";
			};
			name = Debug;
		};
		768F7D9A2A13EA4200589321 /* Release */ = {
			isa = XCBuildConfiguration;
			buildSettings = {
				ALWAYS_EMBED_SWIFT_STANDARD_LIBRARIES = YES;
				BUNDLE_LOADER = "$(TEST_HOST)";
				CODE_SIGN_STYLE = Automatic;
				CURRENT_PROJECT_VERSION = 1;
				DEVELOPMENT_TEAM = G4J9E28W3W;
				GENERATE_INFOPLIST_FILE = YES;
				IPHONEOS_DEPLOYMENT_TARGET = 16.2;
				MARKETING_VERSION = 1.0;
				PRODUCT_BUNDLE_IDENTIFIER = com.vasanthkumar.ToDoTests;
				PRODUCT_NAME = "$(TARGET_NAME)";
				SWIFT_EMIT_LOC_STRINGS = NO;
				SWIFT_VERSION = 5.0;
				TARGETED_DEVICE_FAMILY = "1,2";
				TEST_HOST = "$(BUILT_PRODUCTS_DIR)/ToDo.app/$(BUNDLE_EXECUTABLE_FOLDER_PATH)/ToDo";
			};
			name = Release;
		};
		768F7D9C2A13EA4200589321 /* Debug */ = {
			isa = XCBuildConfiguration;
			buildSettings = {
				ALWAYS_EMBED_SWIFT_STANDARD_LIBRARIES = YES;
				CODE_SIGN_STYLE = Automatic;
				CURRENT_PROJECT_VERSION = 1;
				DEVELOPMENT_TEAM = G4J9E28W3W;
				GENERATE_INFOPLIST_FILE = YES;
				MARKETING_VERSION = 1.0;
				PRODUCT_BUNDLE_IDENTIFIER = com.vasanthkumar.ToDoUITests;
				PRODUCT_NAME = "$(TARGET_NAME)";
				SWIFT_EMIT_LOC_STRINGS = NO;
				SWIFT_VERSION = 5.0;
				TARGETED_DEVICE_FAMILY = "1,2";
				TEST_TARGET_NAME = ToDo;
			};
			name = Debug;
		};
		768F7D9D2A13EA4200589321 /* Release */ = {
			isa = XCBuildConfiguration;
			buildSettings = {
				ALWAYS_EMBED_SWIFT_STANDARD_LIBRARIES = YES;
				CODE_SIGN_STYLE = Automatic;
				CURRENT_PROJECT_VERSION = 1;
				DEVELOPMENT_TEAM = G4J9E28W3W;
				GENERATE_INFOPLIST_FILE = YES;
				MARKETING_VERSION = 1.0;
				PRODUCT_BUNDLE_IDENTIFIER = com.vasanthkumar.ToDoUITests;
				PRODUCT_NAME = "$(TARGET_NAME)";
				SWIFT_EMIT_LOC_STRINGS = NO;
				SWIFT_VERSION = 5.0;
				TARGETED_DEVICE_FAMILY = "1,2";
				TEST_TARGET_NAME = ToDo;
			};
			name = Release;
		};
/* End XCBuildConfiguration section */

/* Begin XCConfigurationList section */
		768F7D662A13EA3D00589321 /* Build configuration list for PBXProject "ToDo" */ = {
			isa = XCConfigurationList;
			buildConfigurations = (
				768F7D932A13EA4200589321 /* Debug */,
				768F7D942A13EA4200589321 /* Release */,
			);
			defaultConfigurationIsVisible = 0;
			defaultConfigurationName = Release;
		};
		768F7D952A13EA4200589321 /* Build configuration list for PBXNativeTarget "ToDo" */ = {
			isa = XCConfigurationList;
			buildConfigurations = (
				768F7D962A13EA4200589321 /* Debug */,
				768F7D972A13EA4200589321 /* Release */,
			);
			defaultConfigurationIsVisible = 0;
			defaultConfigurationName = Release;
		};
		768F7D982A13EA4200589321 /* Build configuration list for PBXNativeTarget "ToDoTests" */ = {
			isa = XCConfigurationList;
			buildConfigurations = (
				768F7D992A13EA4200589321 /* Debug */,
				768F7D9A2A13EA4200589321 /* Release */,
			);
			defaultConfigurationIsVisible = 0;
			defaultConfigurationName = Release;
		};
		768F7D9B2A13EA4200589321 /* Build configuration list for PBXNativeTarget "ToDoUITests" */ = {
			isa = XCConfigurationList;
			buildConfigurations = (
				768F7D9C2A13EA4200589321 /* Debug */,
				768F7D9D2A13EA4200589321 /* Release */,
			);
			defaultConfigurationIsVisible = 0;
			defaultConfigurationName = Release;
		};
/* End XCConfigurationList section */
	};
	rootObject = 768F7D632A13EA3D00589321 /* Project object */;
}
